
Microsoft Visual Studio Solution File, Format Version 12.00
Project("{FAE04EC0-301F-11D3-BF4B-00C04F79EFBC}") = "WebApi.Service", "source\WebApi.Service.csproj", "{18BF484A-0DD4-4AEC-9CEC-55B0D5194827}"
EndProject
Project("{2150E333-8FDC-42A3-9474-1A3956D46DE8}") = "SolutionItems", "SolutionItems", "{50B7DDCE-ED39-4691-A55D-CF14D10EF1D4}"
ProjectSection(SolutionItems) = preProject
	.gitignore = .gitignore
	README.md = README.md
EndProjectSection
EndProject
Project("{FAE04EC0-301F-11D3-BF4B-00C04F79EFBC}") = "WebApi.Logic", "WebApi.Logic\WebApi.Logic.csproj", "{C24A5CDA-897C-4874-8F11-0FCFA8EB6540}"
EndProject
Global
	GlobalSection(SolutionConfigurationPlatforms) = preSolution
		Debug|Any CPU = Debug|Any CPU
		Release|Any CPU = Release|Any CPU
	EndGlobalSection
	GlobalSection(ProjectConfigurationPlatforms) = postSolution
		{18BF484A-0DD4-4AEC-9CEC-55B0D5194827}.Debug|Any CPU.ActiveCfg = Debug|Any CPU
		{18BF484A-0DD4-4AEC-9CEC-55B0D5194827}.Debug|Any CPU.Build.0 = Debug|Any CPU
		{18BF484A-0DD4-4AEC-9CEC-55B0D5194827}.Release|Any CPU.ActiveCfg = Release|Any CPU
		{18BF484A-0DD4-4AEC-9CEC-55B0D5194827}.Release|Any CPU.Build.0 = Release|Any CPU
		{C24A5CDA-897C-4874-8F11-0FCFA8EB6540}.Debug|Any CPU.ActiveCfg = Debug|Any CPU
		{C24A5CDA-897C-4874-8F11-0FCFA8EB6540}.Debug|Any CPU.Build.0 = Debug|Any CPU
		{C24A5CDA-897C-4874-8F11-0FCFA8EB6540}.Release|Any CPU.ActiveCfg = Release|Any CPU
		{C24A5CDA-897C-4874-8F11-0FCFA8EB6540}.Release|Any CPU.Build.0 = Release|Any CPU
	EndGlobalSection
EndGlobal
